<?xml version="1.0" encoding="utf-8"?>
<Project ToolsVersion="4.0" xmlns="http://schemas.microsoft.com/developer/msbuild/2003">
  <ItemGroup>
    <Filter Include="Source Files">
      <UniqueIdentifier>{4FC737F1-C7A5-4376-A066-2A32D752A2FF}</UniqueIdentifier>
      <Extensions>cpp;c;cc;cxx;def;odl;idl;hpj;bat;asm;asmx</Extensions>
    </Filter>
    <Filter Include="Header Files">
      <UniqueIdentifier>{93995380-89BD-4b04-88EB-625FBE52EBFB}</UniqueIdentifier>
      <Extensions>h;hh;hpp;hxx;hm;inl;inc;xsd</Extensions>
    </Filter>
    <Filter Include="Resource Files">
      <UniqueIdentifier>{67DA6AB6-F800-4c08-8B7A-83BB121AAD01}</UniqueIdentifier>
      <Extensions>rc;ico;cur;bmp;dlg;rc2;rct;bin;rgs;gif;jpg;jpeg;jpe;resx;tiff;tif;png;wav</Extensions>
    </Filter>
  </ItemGroup>
  <ItemGroup>
    <ClCompile Include="src\main.cpp">
      <Filter>Source Files</Filter>
    </ClCompile>
    <ClCompile Include="src\Entities\Character.cpp">
      <Filter>Source Files</Filter>
    </ClCompile>
    <ClCompile Include="src\Entity.cpp">
      <Filter>Source Files</Filter>
    </ClCompile>
    <ClCompile Include="src\Position.cpp">
      <Filter>Source Files</Filter>
    </ClCompile>
    <ClCompile Include="src\Grid.cpp">
      <Filter>Source Files</Filter>
    </ClCompile>
    <ClCompile Include="src\Entities\Obstacle.cpp">
      <Filter>Source Files</Filter>
    </ClCompile>
    <ClCompile Include="src\Entities\Characters\MagicCharacter.cpp">
      <Filter>Source Files</Filter>
    </ClCompile>
    <ClCompile Include="src\Entities\Characters\PhysicalCharacter.cpp">
      <Filter>Source Files</Filter>
    </ClCompile>
    <ClCompile Include="src\Entities\Characters\PhysicalCharacters\Warrior.cpp">
      <Filter>Source Files</Filter>
    </ClCompile>
    <ClCompile Include="src\Entities\Characters\MagicCharacters\Mage.cpp">
      <Filter>Source Files</Filter>
    </ClCompile>
    <ClCompile Include="src\Entities\Characters\MagicCharacters\Healer.cpp">
      <Filter>Source Files</Filter>
    </ClCompile>
    <ClCompile Include="src\Entities\Characters\PhysicalCharacters\Archer.cpp">
      <Filter>Source Files</Filter>
    </ClCompile>
    <ClCompile Include="src\Entities\Characters\PhysicalCharacters\Knight.cpp">
      <Filter>Source Files</Filter>
    </ClCompile>
    <ClCompile Include="src\Skill.cpp">
      <Filter>Source Files</Filter>
    </ClCompile>
    <ClCompile Include="src\Skills\MagicalSkill.cpp">
      <Filter>Source Files</Filter>
    </ClCompile>
    <ClCompile Include="src\Skills\PhysicalSkill.cpp">
      <Filter>Source Files</Filter>
    </ClCompile>
    <ClCompile Include="src\Effect.cpp">
      <Filter>Source Files</Filter>
    </ClCompile>
    <ClCompile Include="src\Effect\Burn.cpp">
      <Filter>Source Files</Filter>
    </ClCompile>
    <ClCompile Include="src\Skills\PhysicalSkills\SwordSkill.cpp">
      <Filter>Source Files</Filter>
    </ClCompile>
    <ClCompile Include="src\Skills\PhysicalSkills\AxeSkill.cpp">
      <Filter>Source Files</Filter>
    </ClCompile>
    <ClCompile Include="src\Skills\MagicalSkills\Fireball.cpp">
      <Filter>Source Files</Filter>
    </ClCompile>
    <ClCompile Include="src\GUI\game\Animation.cpp">
      <Filter>Source Files</Filter>
    </ClCompile>
    <ClCompile Include="src\GUI\game\EntitySprite.cpp">
      <Filter>Source Files</Filter>
    </ClCompile>
    <ClCompile Include="src\GUI\game\World.cpp">
      <Filter>Source Files</Filter>
    </ClCompile>
    <ClCompile Include="src\GUI\ui\Button.cpp">
      <Filter>Source Files</Filter>
    </ClCompile>
    <ClCompile Include="src\utils\AnimationManager.cpp">
      <Filter>Source Files</Filter>
    </ClCompile>
    <ClCompile Include="src\utils\SpriteFactory.cpp">
      <Filter>Source Files</Filter>
    </ClCompile>
    <ClCompile Include="src\utils\TextureManager.cpp">
      <Filter>Source Files</Filter>
    </ClCompile>
    <ClCompile Include="src\GUI\Application.cpp">
      <Filter>Source Files</Filter>
    </ClCompile>
    <ClCompile Include="src\GUI\ui\State.cpp">
      <Filter>Source Files</Filter>
    </ClCompile>
    <ClCompile Include="src\GUI\ui\StateMachine.cpp">
      <Filter>Source Files</Filter>
    </ClCompile>
    <ClCompile Include="src\GUI\ui\States\IntroState.cpp">
      <Filter>Source Files</Filter>
    </ClCompile>
    <ClCompile Include="src\GUI\ui\States\MenuState.cpp">
      <Filter>Source Files</Filter>
    </ClCompile>
    <ClCompile Include="src\GUI\ui\States\PlayState.cpp">
      <Filter>Source Files</Filter>
    </ClCompile>
  </ItemGroup>
  <ItemGroup>
    <ClInclude Include="include\Entities\Character.hpp">
      <Filter>Header Files</Filter>
    </ClInclude>
    <ClInclude Include="include\Entity.hpp">
      <Filter>Header Files</Filter>
    </ClInclude>
    <ClInclude Include="include\Position.hpp">
      <Filter>Header Files</Filter>
    </ClInclude>
    <ClInclude Include="include\Grid.hpp">
      <Filter>Header Files</Filter>
    </ClInclude>
    <ClInclude Include="include\Entities\Obstacle.hpp">
      <Filter>Header Files</Filter>
    </ClInclude>
    <ClInclude Include="include\Entities\Characters\MagicCharacter.hpp">
      <Filter>Header Files</Filter>
    </ClInclude>
    <ClInclude Include="include\Entities\Characters\PhysicalCharacter.hpp">
      <Filter>Header Files</Filter>
    </ClInclude>
    <ClInclude Include="include\Entities\Characters\PhysicalCharacters\Warrior.hpp">
      <Filter>Header Files</Filter>
    </ClInclude>
    <ClInclude Include="include\Entities\Characters\MagicCharacters\Mage.hpp">
      <Filter>Header Files</Filter>
    </ClInclude>
    <ClInclude Include="include\Entities\Characters\MagicCharacters\Healer.hpp">
      <Filter>Header Files</Filter>
    </ClInclude>
    <ClInclude Include="include\Entities\Characters\PhysicalCharacters\Archer.hpp">
      <Filter>Header Files</Filter>
    </ClInclude>
    <ClInclude Include="include\Entities\Characters\PhysicalCharacters\Knight.hpp">
      <Filter>Header Files</Filter>
    </ClInclude>
    <ClInclude Include="include\constants.hpp">
      <Filter>Header Files</Filter>
    </ClInclude>
    <ClInclude Include="include\Skill.hpp">
      <Filter>Header Files</Filter>
    </ClInclude>
    <ClInclude Include="include\Skills\MagicalSkill.hpp">
      <Filter>Header Files</Filter>
    </ClInclude>
    <ClInclude Include="include\Skills\PhysicalSkill.hpp">
      <Filter>Header Files</Filter>
    </ClInclude>
    <ClInclude Include="include\Effect.hpp">
      <Filter>Header Files</Filter>
    </ClInclude>
    <ClInclude Include="include\Effect\Burn.hpp">
      <Filter>Header Files</Filter>
    </ClInclude>
    <ClInclude Include="include\Skills\PhysicalSkills\SwordSkill.hpp">
      <Filter>Header Files</Filter>
    </ClInclude>
    <ClInclude Include="include\Skills\PhysicalSkills\AxeSkill.hpp">
      <Filter>Header Files</Filter>
    </ClInclude>
    <ClInclude Include="include\Skills\MagicalSkills\Fireball.hpp">
      <Filter>Header Files</Filter>
    </ClInclude>
    <ClInclude Include="include\Entities.hpp">
      <Filter>Header Files</Filter>
    </ClInclude>
    <ClInclude Include="include\GUI\game\Animation.hpp">
      <Filter>Header Files</Filter>
    </ClInclude>
    <ClInclude Include="include\GUI\game\EntitySprite.hpp">
      <Filter>Header Files</Filter>
    </ClInclude>
    <ClInclude Include="include\GUI\game\World.hpp">
      <Filter>Header Files</Filter>
    </ClInclude>
    <ClInclude Include="include\GUI\ui\Button.hpp">
      <Filter>Header Files</Filter>
    </ClInclude>
    <ClInclude Include="include\GUI\ui\Menu.hpp">
      <Filter>Header Files</Filter>
    </ClInclude>
    <ClInclude Include="include\schemas\animations.hpp">
      <Filter>Header Files</Filter>
    </ClInclude>
    <ClInclude Include="include\schemas\textures.hpp">
      <Filter>Header Files</Filter>
    </ClInclude>
    <ClInclude Include="include\Skills.hpp">
      <Filter>Header Files</Filter>
    </ClInclude>
    <ClInclude Include="include\utils\AnimationManager.hpp">
      <Filter>Header Files</Filter>
    </ClInclude>
    <ClInclude Include="include\utils\SpriteFactory.hpp">
      <Filter>Header Files</Filter>
    </ClInclude>
    <ClInclude Include="include\utils\TextureManager.hpp">
      <Filter>Header Files</Filter>
    </ClInclude>
    <ClInclude Include="include\flatbuffers\allocator.h">
      <Filter>Header Files</Filter>
    </ClInclude>
    <ClInclude Include="include\flatbuffers\array.h">
      <Filter>Header Files</Filter>
    </ClInclude>
    <ClInclude Include="include\flatbuffers\base.h">
      <Filter>Header Files</Filter>
    </ClInclude>
    <ClInclude Include="include\flatbuffers\bfbs_generator.h">
      <Filter>Header Files</Filter>
    </ClInclude>
    <ClInclude Include="include\flatbuffers\buffer.h">
      <Filter>Header Files</Filter>
    </ClInclude>
    <ClInclude Include="include\flatbuffers\buffer_ref.h">
      <Filter>Header Files</Filter>
    </ClInclude>
    <ClInclude Include="include\flatbuffers\code_generators.h">
      <Filter>Header Files</Filter>
    </ClInclude>
    <ClInclude Include="include\flatbuffers\default_allocator.h">
      <Filter>Header Files</Filter>
    </ClInclude>
    <ClInclude Include="include\flatbuffers\detached_buffer.h">
      <Filter>Header Files</Filter>
    </ClInclude>
    <ClInclude Include="include\flatbuffers\flatbuffers.h">
      <Filter>Header Files</Filter>
    </ClInclude>
    <ClInclude Include="include\flatbuffers\flatbuffer_builder.h">
      <Filter>Header Files</Filter>
    </ClInclude>
    <ClInclude Include="include\flatbuffers\flatc.h">
      <Filter>Header Files</Filter>
    </ClInclude>
    <ClInclude Include="include\flatbuffers\flexbuffers.h">
      <Filter>Header Files</Filter>
    </ClInclude>
    <ClInclude Include="include\flatbuffers\flex_flat_util.h">
      <Filter>Header Files</Filter>
    </ClInclude>
    <ClInclude Include="include\flatbuffers\grpc.h">
      <Filter>Header Files</Filter>
    </ClInclude>
    <ClInclude Include="include\flatbuffers\hash.h">
      <Filter>Header Files</Filter>
    </ClInclude>
    <ClInclude Include="include\flatbuffers\idl.h">
      <Filter>Header Files</Filter>
    </ClInclude>
    <ClInclude Include="include\flatbuffers\minireflect.h">
      <Filter>Header Files</Filter>
    </ClInclude>
    <ClInclude Include="include\flatbuffers\pch\flatc_pch.h">
      <Filter>Header Files</Filter>
    </ClInclude>
    <ClInclude Include="include\flatbuffers\pch\pch.h">
      <Filter>Header Files</Filter>
    </ClInclude>
    <ClInclude Include="include\flatbuffers\reflection.h">
      <Filter>Header Files</Filter>
    </ClInclude>
    <ClInclude Include="include\flatbuffers\reflection_generated.h">
      <Filter>Header Files</Filter>
    </ClInclude>
    <ClInclude Include="include\flatbuffers\registry.h">
      <Filter>Header Files</Filter>
    </ClInclude>
    <ClInclude Include="include\flatbuffers\stl_emulation.h">
      <Filter>Header Files</Filter>
    </ClInclude>
    <ClInclude Include="include\flatbuffers\string.h">
      <Filter>Header Files</Filter>
    </ClInclude>
    <ClInclude Include="include\flatbuffers\struct.h">
      <Filter>Header Files</Filter>
    </ClInclude>
    <ClInclude Include="include\flatbuffers\table.h">
      <Filter>Header Files</Filter>
    </ClInclude>
    <ClInclude Include="include\flatbuffers\util.h">
      <Filter>Header Files</Filter>
    </ClInclude>
    <ClInclude Include="include\flatbuffers\vector.h">
      <Filter>Header Files</Filter>
    </ClInclude>
    <ClInclude Include="include\flatbuffers\vector_downward.h">
      <Filter>Header Files</Filter>
    </ClInclude>
    <ClInclude Include="include\flatbuffers\verifier.h">
      <Filter>Header Files</Filter>
    </ClInclude>
    <ClInclude Include="include\GUI\Application.hpp">
      <Filter>Header Files</Filter>
    </ClInclude>
    <ClInclude Include="include\GUI\ui\State.hpp">
      <Filter>Header Files</Filter>
    </ClInclude>
    <ClInclude Include="include\GUI\ui\StateMachine.hpp">
      <Filter>Header Files</Filter>
    </ClInclude>
    <ClInclude Include="include\GUI\ui\States\IntroState.hpp">
      <Filter>Header Files</Filter>
    </ClInclude>
    <ClInclude Include="include\GUI\ui\States\MenuState.hpp">
      <Filter>Header Files</Filter>
    </ClInclude>
    <ClInclude Include="include\GUI\ui\States\PlayState.hpp">
      <Filter>Header Files</Filter>
    </ClInclude>
    <ClInclude Include="include\SFML\Audio.hpp">
      <Filter>Header Files</Filter>
    </ClInclude>
    <ClInclude Include="include\SFML\Audio\AlResource.hpp">
      <Filter>Header Files</Filter>
    </ClInclude>
    <ClInclude Include="include\SFML\Audio\Export.hpp">
      <Filter>Header Files</Filter>
    </ClInclude>
    <ClInclude Include="include\SFML\Audio\InputSoundFile.hpp">
      <Filter>Header Files</Filter>
    </ClInclude>
    <ClInclude Include="include\SFML\Audio\Listener.hpp">
      <Filter>Header Files</Filter>
    </ClInclude>
    <ClInclude Include="include\SFML\Audio\Music.hpp">
      <Filter>Header Files</Filter>
    </ClInclude>
    <ClInclude Include="include\SFML\Audio\OutputSoundFile.hpp">
      <Filter>Header Files</Filter>
    </ClInclude>
    <ClInclude Include="include\SFML\Audio\Sound.hpp">
      <Filter>Header Files</Filter>
    </ClInclude>
    <ClInclude Include="include\SFML\Audio\SoundBuffer.hpp">
      <Filter>Header Files</Filter>
    </ClInclude>
    <ClInclude Include="include\SFML\Audio\SoundBufferRecorder.hpp">
      <Filter>Header Files</Filter>
    </ClInclude>
    <ClInclude Include="include\SFML\Audio\SoundFileFactory.hpp">
      <Filter>Header Files</Filter>
    </ClInclude>
    <ClInclude Include="include\SFML\Audio\SoundFileReader.hpp">
      <Filter>Header Files</Filter>
    </ClInclude>
    <ClInclude Include="include\SFML\Audio\SoundFileWriter.hpp">
      <Filter>Header Files</Filter>
    </ClInclude>
    <ClInclude Include="include\SFML\Audio\SoundRecorder.hpp">
      <Filter>Header Files</Filter>
    </ClInclude>
    <ClInclude Include="include\SFML\Audio\SoundSource.hpp">
      <Filter>Header Files</Filter>
    </ClInclude>
    <ClInclude Include="include\SFML\Audio\SoundStream.hpp">
      <Filter>Header Files</Filter>
    </ClInclude>
    <ClInclude Include="include\SFML\Config.hpp">
      <Filter>Header Files</Filter>
    </ClInclude>
    <ClInclude Include="include\SFML\GpuPreference.hpp">
      <Filter>Header Files</Filter>
    </ClInclude>
    <ClInclude Include="include\SFML\Graphics.hpp">
      <Filter>Header Files</Filter>
    </ClInclude>
    <ClInclude Include="include\SFML\Graphics\BlendMode.hpp">
      <Filter>Header Files</Filter>
    </ClInclude>
    <ClInclude Include="include\SFML\Graphics\CircleShape.hpp">
      <Filter>Header Files</Filter>
    </ClInclude>
    <ClInclude Include="include\SFML\Graphics\Color.hpp">
      <Filter>Header Files</Filter>
    </ClInclude>
    <ClInclude Include="include\SFML\Graphics\ConvexShape.hpp">
      <Filter>Header Files</Filter>
    </ClInclude>
    <ClInclude Include="include\SFML\Graphics\Drawable.hpp">
      <Filter>Header Files</Filter>
    </ClInclude>
    <ClInclude Include="include\SFML\Graphics\Export.hpp">
      <Filter>Header Files</Filter>
    </ClInclude>
    <ClInclude Include="include\SFML\Graphics\Font.hpp">
      <Filter>Header Files</Filter>
    </ClInclude>
    <ClInclude Include="include\SFML\Graphics\Glsl.hpp">
      <Filter>Header Files</Filter>
    </ClInclude>
    <ClInclude Include="include\SFML\Graphics\Glyph.hpp">
      <Filter>Header Files</Filter>
    </ClInclude>
    <ClInclude Include="include\SFML\Graphics\Image.hpp">
      <Filter>Header Files</Filter>
    </ClInclude>
    <ClInclude Include="include\SFML\Graphics\PrimitiveType.hpp">
      <Filter>Header Files</Filter>
    </ClInclude>
    <ClInclude Include="include\SFML\Graphics\Rect.hpp">
      <Filter>Header Files</Filter>
    </ClInclude>
    <ClInclude Include="include\SFML\Graphics\RectangleShape.hpp">
      <Filter>Header Files</Filter>
    </ClInclude>
    <ClInclude Include="include\SFML\Graphics\RenderStates.hpp">
      <Filter>Header Files</Filter>
    </ClInclude>
    <ClInclude Include="include\SFML\Graphics\RenderTarget.hpp">
      <Filter>Header Files</Filter>
    </ClInclude>
    <ClInclude Include="include\SFML\Graphics\RenderTexture.hpp">
      <Filter>Header Files</Filter>
    </ClInclude>
    <ClInclude Include="include\SFML\Graphics\RenderWindow.hpp">
      <Filter>Header Files</Filter>
    </ClInclude>
    <ClInclude Include="include\SFML\Graphics\RoundedRectangleShape.hpp">
      <Filter>Header Files</Filter>
    </ClInclude>
    <ClInclude Include="include\SFML\Graphics\Shader.hpp">
      <Filter>Header Files</Filter>
    </ClInclude>
    <ClInclude Include="include\SFML\Graphics\Shape.hpp">
      <Filter>Header Files</Filter>
    </ClInclude>
    <ClInclude Include="include\SFML\Graphics\Sprite.hpp">
      <Filter>Header Files</Filter>
    </ClInclude>
    <ClInclude Include="include\SFML\Graphics\Text.hpp">
      <Filter>Header Files</Filter>
    </ClInclude>
    <ClInclude Include="include\SFML\Graphics\Texture.hpp">
      <Filter>Header Files</Filter>
    </ClInclude>
    <ClInclude Include="include\SFML\Graphics\Transform.hpp">
      <Filter>Header Files</Filter>
    </ClInclude>
    <ClInclude Include="include\SFML\Graphics\Transformable.hpp">
      <Filter>Header Files</Filter>
    </ClInclude>
    <ClInclude Include="include\SFML\Graphics\Vertex.hpp">
      <Filter>Header Files</Filter>
    </ClInclude>
    <ClInclude Include="include\SFML\Graphics\VertexArray.hpp">
      <Filter>Header Files</Filter>
    </ClInclude>
    <ClInclude Include="include\SFML\Graphics\VertexBuffer.hpp">
      <Filter>Header Files</Filter>
    </ClInclude>
    <ClInclude Include="include\SFML\Graphics\View.hpp">
      <Filter>Header Files</Filter>
    </ClInclude>
    <ClInclude Include="include\SFML\Main.hpp">
      <Filter>Header Files</Filter>
    </ClInclude>
    <ClInclude Include="include\SFML\Network.hpp">
      <Filter>Header Files</Filter>
    </ClInclude>
    <ClInclude Include="include\SFML\Network\Export.hpp">
      <Filter>Header Files</Filter>
    </ClInclude>
    <ClInclude Include="include\SFML\Network\Ftp.hpp">
      <Filter>Header Files</Filter>
    </ClInclude>
    <ClInclude Include="include\SFML\Network\Http.hpp">
      <Filter>Header Files</Filter>
    </ClInclude>
    <ClInclude Include="include\SFML\Network\IpAddress.hpp">
      <Filter>Header Files</Filter>
    </ClInclude>
    <ClInclude Include="include\SFML\Network\Packet.hpp">
      <Filter>Header Files</Filter>
    </ClInclude>
    <ClInclude Include="include\SFML\Network\Socket.hpp">
      <Filter>Header Files</Filter>
    </ClInclude>
    <ClInclude Include="include\SFML\Network\SocketHandle.hpp">
      <Filter>Header Files</Filter>
    </ClInclude>
    <ClInclude Include="include\SFML\Network\SocketSelector.hpp">
      <Filter>Header Files</Filter>
    </ClInclude>
    <ClInclude Include="include\SFML\Network\TcpListener.hpp">
      <Filter>Header Files</Filter>
    </ClInclude>
    <ClInclude Include="include\SFML\Network\TcpSocket.hpp">
      <Filter>Header Files</Filter>
    </ClInclude>
    <ClInclude Include="include\SFML\Network\UdpSocket.hpp">
      <Filter>Header Files</Filter>
    </ClInclude>
    <ClInclude Include="include\SFML\OpenGL.hpp">
      <Filter>Header Files</Filter>
    </ClInclude>
    <ClInclude Include="include\SFML\System.hpp">
      <Filter>Header Files</Filter>
    </ClInclude>
    <ClInclude Include="include\SFML\System\Clock.hpp">
      <Filter>Header Files</Filter>
    </ClInclude>
    <ClInclude Include="include\SFML\System\Err.hpp">
      <Filter>Header Files</Filter>
    </ClInclude>
    <ClInclude Include="include\SFML\System\Export.hpp">
      <Filter>Header Files</Filter>
    </ClInclude>
    <ClInclude Include="include\SFML\System\FileInputStream.hpp">
      <Filter>Header Files</Filter>
    </ClInclude>
    <ClInclude Include="include\SFML\System\InputStream.hpp">
      <Filter>Header Files</Filter>
    </ClInclude>
    <ClInclude Include="include\SFML\System\Lock.hpp">
      <Filter>Header Files</Filter>
    </ClInclude>
    <ClInclude Include="include\SFML\System\MemoryInputStream.hpp">
      <Filter>Header Files</Filter>
    </ClInclude>
    <ClInclude Include="include\SFML\System\Mutex.hpp">
      <Filter>Header Files</Filter>
    </ClInclude>
    <ClInclude Include="include\SFML\System\NativeActivity.hpp">
      <Filter>Header Files</Filter>
    </ClInclude>
    <ClInclude Include="include\SFML\System\NonCopyable.hpp">
      <Filter>Header Files</Filter>
    </ClInclude>
    <ClInclude Include="include\SFML\System\Sleep.hpp">
      <Filter>Header Files</Filter>
    </ClInclude>
    <ClInclude Include="include\SFML\System\String.hpp">
      <Filter>Header Files</Filter>
    </ClInclude>
    <ClInclude Include="include\SFML\System\Thread.hpp">
      <Filter>Header Files</Filter>
    </ClInclude>
    <ClInclude Include="include\SFML\System\ThreadLocal.hpp">
      <Filter>Header Files</Filter>
    </ClInclude>
    <ClInclude Include="include\SFML\System\ThreadLocalPtr.hpp">
      <Filter>Header Files</Filter>
    </ClInclude>
    <ClInclude Include="include\SFML\System\Time.hpp">
      <Filter>Header Files</Filter>
    </ClInclude>
    <ClInclude Include="include\SFML\System\Utf.hpp">
      <Filter>Header Files</Filter>
    </ClInclude>
    <ClInclude Include="include\SFML\System\Vector2.hpp">
      <Filter>Header Files</Filter>
    </ClInclude>
    <ClInclude Include="include\SFML\System\Vector3.hpp">
      <Filter>Header Files</Filter>
    </ClInclude>
    <ClInclude Include="include\SFML\Window.hpp">
      <Filter>Header Files</Filter>
    </ClInclude>
    <ClInclude Include="include\SFML\Window\Clipboard.hpp">
      <Filter>Header Files</Filter>
    </ClInclude>
    <ClInclude Include="include\SFML\Window\Context.hpp">
      <Filter>Header Files</Filter>
    </ClInclude>
    <ClInclude Include="include\SFML\Window\ContextSettings.hpp">
      <Filter>Header Files</Filter>
    </ClInclude>
    <ClInclude Include="include\SFML\Window\Cursor.hpp">
      <Filter>Header Files</Filter>
    </ClInclude>
    <ClInclude Include="include\SFML\Window\Event.hpp">
      <Filter>Header Files</Filter>
    </ClInclude>
    <ClInclude Include="include\SFML\Window\Export.hpp">
      <Filter>Header Files</Filter>
    </ClInclude>
    <ClInclude Include="include\SFML\Window\GlResource.hpp">
      <Filter>Header Files</Filter>
    </ClInclude>
    <ClInclude Include="include\SFML\Window\Joystick.hpp">
      <Filter>Header Files</Filter>
    </ClInclude>
    <ClInclude Include="include\SFML\Window\Keyboard.hpp">
      <Filter>Header Files</Filter>
    </ClInclude>
    <ClInclude Include="include\SFML\Window\Mouse.hpp">
      <Filter>Header Files</Filter>
    </ClInclude>
    <ClInclude Include="include\SFML\Window\Sensor.hpp">
      <Filter>Header Files</Filter>
    </ClInclude>
    <ClInclude Include="include\SFML\Window\Touch.hpp">
      <Filter>Header Files</Filter>
    </ClInclude>
    <ClInclude Include="include\SFML\Window\VideoMode.hpp">
      <Filter>Header Files</Filter>
    </ClInclude>
    <ClInclude Include="include\SFML\Window\Vulkan.hpp">
      <Filter>Header Files</Filter>
    </ClInclude>
    <ClInclude Include="include\SFML\Window\Window.hpp">
      <Filter>Header Files</Filter>
    </ClInclude>
    <ClInclude Include="include\SFML\Window\WindowBase.hpp">
      <Filter>Header Files</Filter>
    </ClInclude>
    <ClInclude Include="include\SFML\Window\WindowHandle.hpp">
      <Filter>Header Files</Filter>
    </ClInclude>
    <ClInclude Include="include\SFML\Window\WindowStyle.hpp">
      <Filter>Header Files</Filter>
    </ClInclude>
  </ItemGroup>
  <ItemGroup>
    <None Include="include\SFML\Audio\SoundFileFactory.inl">
      <Filter>Header Files</Filter>
    </None>
    <None Include="include\SFML\Graphics\Glsl.inl">
      <Filter>Header Files</Filter>
    </None>
    <None Include="include\SFML\Graphics\Rect.inl">
      <Filter>Header Files</Filter>
    </None>
    <None Include="include\SFML\System\String.inl">
      <Filter>Header Files</Filter>
    </None>
    <None Include="include\SFML\System\Thread.inl">
      <Filter>Header Files</Filter>
    </None>
    <None Include="include\SFML\System\ThreadLocalPtr.inl">
      <Filter>Header Files</Filter>
    </None>
    <None Include="include\SFML\System\Utf.inl">
      <Filter>Header Files</Filter>
    </None>
    <None Include="include\SFML\System\Vector2.inl">
      <Filter>Header Files</Filter>
    </None>
    <None Include="include\SFML\System\Vector3.inl">
      <Filter>Header Files</Filter>
    </None>
  </ItemGroup>
</Project>